{
  "nodes": {
    "home-manager": {
      "inputs": {
        "nixpkgs": [
          "nixpkgs"
        ]
      },
      "locked": {
        "lastModified": 1698392685,
        "narHash": "sha256-yx/sbRneR2AfSAeAMqUu0hoVJdjh+qhl/7dkirp8yo8=",
        "owner": "nix-community",
        "repo": "home-manager",
        "rev": "1369d2cefb6f128c30e42fabcdebbacc07e18b3f",
        "type": "github"
      },
      "original": {
        "owner": "nix-community",
        "repo": "home-manager",
        "type": "github"
      }
    },
    "nixpkgs": {
      "locked": {
        "lastModified": 1698318101,
        "narHash": "sha256-gUihHt3yPD7bVqg+k/UVHgngyaJ3DMEBchbymBMvK1E=",
        "owner": "NixOS",
        "repo": "nixpkgs",
        "rev": "63678e9f3d3afecfeafa0acead6239cdb447574c",
        "type": "github"
      },
      "original": {
        "id": "nixpkgs",
        "ref": "nixos-unstable",
        "type": "indirect"
      }
    },
    "nurpkgs": {
      "locked": {
        "lastModified": 1698464627,
        "narHash": "sha256-YmTkto14n218Lm8p4cP6OvgPIdRlrIzylYf77Ptefcg=",
        "owner": "nix-community",
        "repo": "NUR",
        "rev": "b6e214902a62f367159780a00577c67072efbcb3",
        "type": "github"
      },
      "original": {
        "owner": "nix-community",
        "repo": "NUR",
        "type": "github"
      }
    },
    "root": {
      "inputs": {
        "home-manager": "home-manager",
        "nixpkgs": "nixpkgs",
        "nurpkgs": "nurpkgs"
      }
    }
  },
  "root": "root",
  "version": 7
}
